// !$*UTF8*$!
{
	archiveVersion = 1;
	classes = {
	};
	objectVersion = 46;
	objects = {

/* Begin PBXBuildFile section */
		EF0391E61BDE066300C4A622 /* GetToDoItemToDatabase.m in Sources */ = {isa = PBXBuildFile; fileRef = EF0391E51BDE066300C4A622 /* GetToDoItemToDatabase.m */; settings = {ASSET_TAGS = (); }; };
		EF0391FE1BDE22BB00C4A622 /* UpdateToDoItemToDatabase.m in Sources */ = {isa = PBXBuildFile; fileRef = EF0391FD1BDE22BB00C4A622 /* UpdateToDoItemToDatabase.m */; settings = {ASSET_TAGS = (); }; };
		EF03920D1BDE235D00C4A622 /* NSMutableArray+SWUtilityButtons.m in Sources */ = {isa = PBXBuildFile; fileRef = EF0392001BDE235D00C4A622 /* NSMutableArray+SWUtilityButtons.m */; settings = {ASSET_TAGS = (); }; };
		EF03920E1BDE235D00C4A622 /* SWCellScrollView.m in Sources */ = {isa = PBXBuildFile; fileRef = EF0392021BDE235D00C4A622 /* SWCellScrollView.m */; settings = {ASSET_TAGS = (); }; };
		EF03920F1BDE235D00C4A622 /* SWLongPressGestureRecognizer.m in Sources */ = {isa = PBXBuildFile; fileRef = EF0392041BDE235D00C4A622 /* SWLongPressGestureRecognizer.m */; settings = {ASSET_TAGS = (); }; };
		EF0392101BDE235D00C4A622 /* SWTableViewCell.m in Sources */ = {isa = PBXBuildFile; fileRef = EF0392061BDE235D00C4A622 /* SWTableViewCell.m */; settings = {ASSET_TAGS = (); }; };
		EF0392111BDE235D00C4A622 /* SWUtilityButtonTapGestureRecognizer.m in Sources */ = {isa = PBXBuildFile; fileRef = EF0392081BDE235D00C4A622 /* SWUtilityButtonTapGestureRecognizer.m */; settings = {ASSET_TAGS = (); }; };
		EF0392121BDE235D00C4A622 /* SWUtilityButtonView.m in Sources */ = {isa = PBXBuildFile; fileRef = EF03920A1BDE235D00C4A622 /* SWUtilityButtonView.m */; settings = {ASSET_TAGS = (); }; };
		EF0392131BDE235D00C4A622 /* UMTableViewCell.m in Sources */ = {isa = PBXBuildFile; fileRef = EF03920C1BDE235D00C4A622 /* UMTableViewCell.m */; settings = {ASSET_TAGS = (); }; };
		EF3F0EB81BDA22C800AB0DC3 /* main.m in Sources */ = {isa = PBXBuildFile; fileRef = EF3F0EB71BDA22C800AB0DC3 /* main.m */; };
		EF3F0EBB1BDA22C800AB0DC3 /* AppDelegate.m in Sources */ = {isa = PBXBuildFile; fileRef = EF3F0EBA1BDA22C800AB0DC3 /* AppDelegate.m */; };
		EF3F0EBE1BDA22C800AB0DC3 /* ViewController.m in Sources */ = {isa = PBXBuildFile; fileRef = EF3F0EBD1BDA22C800AB0DC3 /* ViewController.m */; };
		EF3F0EC11BDA22C800AB0DC3 /* Main.storyboard in Resources */ = {isa = PBXBuildFile; fileRef = EF3F0EBF1BDA22C800AB0DC3 /* Main.storyboard */; };
		EF3F0EC31BDA22C800AB0DC3 /* Assets.xcassets in Resources */ = {isa = PBXBuildFile; fileRef = EF3F0EC21BDA22C800AB0DC3 /* Assets.xcassets */; };
		EF3F0EC61BDA22C800AB0DC3 /* LaunchScreen.storyboard in Resources */ = {isa = PBXBuildFile; fileRef = EF3F0EC41BDA22C800AB0DC3 /* LaunchScreen.storyboard */; };
		EF3F0ED11BDA22C900AB0DC3 /* PomodoroTests.m in Sources */ = {isa = PBXBuildFile; fileRef = EF3F0ED01BDA22C900AB0DC3 /* PomodoroTests.m */; };
		EF3F0EDC1BDA22C900AB0DC3 /* PomodoroUITests.m in Sources */ = {isa = PBXBuildFile; fileRef = EF3F0EDB1BDA22C900AB0DC3 /* PomodoroUITests.m */; };
		EF3F0EF41BDA28B500AB0DC3 /* MoneyDBController.m in Sources */ = {isa = PBXBuildFile; fileRef = EF3F0EF11BDA28B500AB0DC3 /* MoneyDBController.m */; settings = {ASSET_TAGS = (); }; };
		EF3F0EF51BDA28B500AB0DC3 /* ZooDBUtil.m in Sources */ = {isa = PBXBuildFile; fileRef = EF3F0EF31BDA28B500AB0DC3 /* ZooDBUtil.m */; settings = {ASSET_TAGS = (); }; };
		EF3F0EF71BDA28F400AB0DC3 /* libsqlite3.tbd in Frameworks */ = {isa = PBXBuildFile; fileRef = EF3F0EF61BDA28F400AB0DC3 /* libsqlite3.tbd */; };
		EF3F0EFD1BDA3FE400AB0DC3 /* DBUtil.m in Sources */ = {isa = PBXBuildFile; fileRef = EF3F0EFC1BDA3FE400AB0DC3 /* DBUtil.m */; settings = {ASSET_TAGS = (); }; };
		EF3F0F021BDA416300AB0DC3 /* TodoItem.m in Sources */ = {isa = PBXBuildFile; fileRef = EF3F0F011BDA416300AB0DC3 /* TodoItem.m */; settings = {ASSET_TAGS = (); }; };
		EF84406C1BDF1DFB00A97CA0 /* CustomTableViewCell.m in Sources */ = {isa = PBXBuildFile; fileRef = EF84406A1BDF1DFB00A97CA0 /* CustomTableViewCell.m */; settings = {ASSET_TAGS = (); }; };
		EF84406D1BDF1DFB00A97CA0 /* CustomTableViewCell.xib in Resources */ = {isa = PBXBuildFile; fileRef = EF84406B1BDF1DFB00A97CA0 /* CustomTableViewCell.xib */; settings = {ASSET_TAGS = (); }; };
		EF9A2D5F1BDFB59F0046CC2B /* DeleteTodoItemToDatabaseTask.m in Sources */ = {isa = PBXBuildFile; fileRef = EF9A2D5E1BDFB59F0046CC2B /* DeleteTodoItemToDatabaseTask.m */; settings = {ASSET_TAGS = (); }; };
/* End PBXBuildFile section */

/* Begin PBXContainerItemProxy section */
		EF3F0ECD1BDA22C900AB0DC3 /* PBXContainerItemProxy */ = {
			isa = PBXContainerItemProxy;
			containerPortal = EF3F0EAB1BDA22C800AB0DC3 /* Project object */;
			proxyType = 1;
			remoteGlobalIDString = EF3F0EB21BDA22C800AB0DC3;
			remoteInfo = Pomodoro;
		};
		EF3F0ED81BDA22C900AB0DC3 /* PBXContainerItemProxy */ = {
			isa = PBXContainerItemProxy;
			containerPortal = EF3F0EAB1BDA22C800AB0DC3 /* Project object */;
			proxyType = 1;
			remoteGlobalIDString = EF3F0EB21BDA22C800AB0DC3;
			remoteInfo = Pomodoro;
		};
/* End PBXContainerItemProxy section */

/* Begin PBXFileReference section */
		EF0391E41BDE066300C4A622 /* GetToDoItemToDatabase.h */ = {isa = PBXFileReference; fileEncoding = 4; lastKnownFileType = sourcecode.c.h; name = GetToDoItemToDatabase.h; path = Task/GetToDoItemToDatabase.h; sourceTree = "<group>"; };
		EF0391E51BDE066300C4A622 /* GetToDoItemToDatabase.m */ = {isa = PBXFileReference; fileEncoding = 4; lastKnownFileType = sourcecode.c.objc; name = GetToDoItemToDatabase.m; path = Task/GetToDoItemToDatabase.m; sourceTree = "<group>"; };
		EF0391FC1BDE22BB00C4A622 /* UpdateToDoItemToDatabase.h */ = {isa = PBXFileReference; fileEncoding = 4; lastKnownFileType = sourcecode.c.h; name = UpdateToDoItemToDatabase.h; path = Task/UpdateToDoItemToDatabase.h; sourceTree = "<group>"; };
		EF0391FD1BDE22BB00C4A622 /* UpdateToDoItemToDatabase.m */ = {isa = PBXFileReference; fileEncoding = 4; lastKnownFileType = sourcecode.c.objc; name = UpdateToDoItemToDatabase.m; path = Task/UpdateToDoItemToDatabase.m; sourceTree = "<group>"; };
		EF0391FF1BDE235D00C4A622 /* NSMutableArray+SWUtilityButtons.h */ = {isa = PBXFileReference; fileEncoding = 4; lastKnownFileType = sourcecode.c.h; name = "NSMutableArray+SWUtilityButtons.h"; path = "Library/NSMutableArray+SWUtilityButtons.h"; sourceTree = "<group>"; };
		EF0392001BDE235D00C4A622 /* NSMutableArray+SWUtilityButtons.m */ = {isa = PBXFileReference; fileEncoding = 4; lastKnownFileType = sourcecode.c.objc; name = "NSMutableArray+SWUtilityButtons.m"; path = "Library/NSMutableArray+SWUtilityButtons.m"; sourceTree = "<group>"; };
		EF0392011BDE235D00C4A622 /* SWCellScrollView.h */ = {isa = PBXFileReference; fileEncoding = 4; lastKnownFileType = sourcecode.c.h; name = SWCellScrollView.h; path = Library/SWCellScrollView.h; sourceTree = "<group>"; };
		EF0392021BDE235D00C4A622 /* SWCellScrollView.m */ = {isa = PBXFileReference; fileEncoding = 4; lastKnownFileType = sourcecode.c.objc; name = SWCellScrollView.m; path = Library/SWCellScrollView.m; sourceTree = "<group>"; };
		EF0392031BDE235D00C4A622 /* SWLongPressGestureRecognizer.h */ = {isa = PBXFileReference; fileEncoding = 4; lastKnownFileType = sourcecode.c.h; name = SWLongPressGestureRecognizer.h; path = Library/SWLongPressGestureRecognizer.h; sourceTree = "<group>"; };
		EF0392041BDE235D00C4A622 /* SWLongPressGestureRecognizer.m */ = {isa = PBXFileReference; fileEncoding = 4; lastKnownFileType = sourcecode.c.objc; name = SWLongPressGestureRecognizer.m; path = Library/SWLongPressGestureRecognizer.m; sourceTree = "<group>"; };
		EF0392051BDE235D00C4A622 /* SWTableViewCell.h */ = {isa = PBXFileReference; fileEncoding = 4; lastKnownFileType = sourcecode.c.h; name = SWTableViewCell.h; path = Library/SWTableViewCell.h; sourceTree = "<group>"; };
		EF0392061BDE235D00C4A622 /* SWTableViewCell.m */ = {isa = PBXFileReference; fileEncoding = 4; lastKnownFileType = sourcecode.c.objc; name = SWTableViewCell.m; path = Library/SWTableViewCell.m; sourceTree = "<group>"; };
		EF0392071BDE235D00C4A622 /* SWUtilityButtonTapGestureRecognizer.h */ = {isa = PBXFileReference; fileEncoding = 4; lastKnownFileType = sourcecode.c.h; name = SWUtilityButtonTapGestureRecognizer.h; path = Library/SWUtilityButtonTapGestureRecognizer.h; sourceTree = "<group>"; };
		EF0392081BDE235D00C4A622 /* SWUtilityButtonTapGestureRecognizer.m */ = {isa = PBXFileReference; fileEncoding = 4; lastKnownFileType = sourcecode.c.objc; name = SWUtilityButtonTapGestureRecognizer.m; path = Library/SWUtilityButtonTapGestureRecognizer.m; sourceTree = "<group>"; };
		EF0392091BDE235D00C4A622 /* SWUtilityButtonView.h */ = {isa = PBXFileReference; fileEncoding = 4; lastKnownFileType = sourcecode.c.h; name = SWUtilityButtonView.h; path = Library/SWUtilityButtonView.h; sourceTree = "<group>"; };
		EF03920A1BDE235D00C4A622 /* SWUtilityButtonView.m */ = {isa = PBXFileReference; fileEncoding = 4; lastKnownFileType = sourcecode.c.objc; name = SWUtilityButtonView.m; path = Library/SWUtilityButtonView.m; sourceTree = "<group>"; };
		EF03920B1BDE235D00C4A622 /* UMTableViewCell.h */ = {isa = PBXFileReference; fileEncoding = 4; lastKnownFileType = sourcecode.c.h; name = UMTableViewCell.h; path = Library/UMTableViewCell.h; sourceTree = "<group>"; };
		EF03920C1BDE235D00C4A622 /* UMTableViewCell.m */ = {isa = PBXFileReference; fileEncoding = 4; lastKnownFileType = sourcecode.c.objc; name = UMTableViewCell.m; path = Library/UMTableViewCell.m; sourceTree = "<group>"; };
		EF3F0EB31BDA22C800AB0DC3 /* Pomodoro.app */ = {isa = PBXFileReference; explicitFileType = wrapper.application; includeInIndex = 0; path = Pomodoro.app; sourceTree = BUILT_PRODUCTS_DIR; };
		EF3F0EB71BDA22C800AB0DC3 /* main.m */ = {isa = PBXFileReference; lastKnownFileType = sourcecode.c.objc; path = main.m; sourceTree = "<group>"; };
		EF3F0EB91BDA22C800AB0DC3 /* AppDelegate.h */ = {isa = PBXFileReference; lastKnownFileType = sourcecode.c.h; path = AppDelegate.h; sourceTree = "<group>"; };
		EF3F0EBA1BDA22C800AB0DC3 /* AppDelegate.m */ = {isa = PBXFileReference; lastKnownFileType = sourcecode.c.objc; path = AppDelegate.m; sourceTree = "<group>"; };
		EF3F0EBC1BDA22C800AB0DC3 /* ViewController.h */ = {isa = PBXFileReference; lastKnownFileType = sourcecode.c.h; path = ViewController.h; sourceTree = "<group>"; };
		EF3F0EBD1BDA22C800AB0DC3 /* ViewController.m */ = {isa = PBXFileReference; lastKnownFileType = sourcecode.c.objc; path = ViewController.m; sourceTree = "<group>"; };
		EF3F0EC01BDA22C800AB0DC3 /* Base */ = {isa = PBXFileReference; lastKnownFileType = file.storyboard; name = Base; path = Base.lproj/Main.storyboard; sourceTree = "<group>"; };
		EF3F0EC21BDA22C800AB0DC3 /* Assets.xcassets */ = {isa = PBXFileReference; lastKnownFileType = folder.assetcatalog; path = Assets.xcassets; sourceTree = "<group>"; };
		EF3F0EC51BDA22C800AB0DC3 /* Base */ = {isa = PBXFileReference; lastKnownFileType = file.storyboard; name = Base; path = Base.lproj/LaunchScreen.storyboard; sourceTree = "<group>"; };
		EF3F0EC71BDA22C800AB0DC3 /* Info.plist */ = {isa = PBXFileReference; lastKnownFileType = text.plist.xml; path = Info.plist; sourceTree = "<group>"; };
		EF3F0ECC1BDA22C900AB0DC3 /* PomodoroTests.xctest */ = {isa = PBXFileReference; explicitFileType = wrapper.cfbundle; includeInIndex = 0; path = PomodoroTests.xctest; sourceTree = BUILT_PRODUCTS_DIR; };
		EF3F0ED01BDA22C900AB0DC3 /* PomodoroTests.m */ = {isa = PBXFileReference; lastKnownFileType = sourcecode.c.objc; path = PomodoroTests.m; sourceTree = "<group>"; };
		EF3F0ED21BDA22C900AB0DC3 /* Info.plist */ = {isa = PBXFileReference; lastKnownFileType = text.plist.xml; path = Info.plist; sourceTree = "<group>"; };
		EF3F0ED71BDA22C900AB0DC3 /* PomodoroUITests.xctest */ = {isa = PBXFileReference; explicitFileType = wrapper.cfbundle; includeInIndex = 0; path = PomodoroUITests.xctest; sourceTree = BUILT_PRODUCTS_DIR; };
		EF3F0EDB1BDA22C900AB0DC3 /* PomodoroUITests.m */ = {isa = PBXFileReference; lastKnownFileType = sourcecode.c.objc; path = PomodoroUITests.m; sourceTree = "<group>"; };
		EF3F0EDD1BDA22C900AB0DC3 /* Info.plist */ = {isa = PBXFileReference; lastKnownFileType = text.plist.xml; path = Info.plist; sourceTree = "<group>"; };
		EF3F0EF01BDA28B500AB0DC3 /* MoneyDBController.h */ = {isa = PBXFileReference; fileEncoding = 4; lastKnownFileType = sourcecode.c.h; name = MoneyDBController.h; path = DBManager/MoneyDBController.h; sourceTree = "<group>"; };
		EF3F0EF11BDA28B500AB0DC3 /* MoneyDBController.m */ = {isa = PBXFileReference; fileEncoding = 4; lastKnownFileType = sourcecode.c.objc; name = MoneyDBController.m; path = DBManager/MoneyDBController.m; sourceTree = "<group>"; };
		EF3F0EF21BDA28B500AB0DC3 /* ZooDBUtil.h */ = {isa = PBXFileReference; fileEncoding = 4; lastKnownFileType = sourcecode.c.h; name = ZooDBUtil.h; path = DBManager/ZooDBUtil.h; sourceTree = "<group>"; };
		EF3F0EF31BDA28B500AB0DC3 /* ZooDBUtil.m */ = {isa = PBXFileReference; fileEncoding = 4; lastKnownFileType = sourcecode.c.objc; name = ZooDBUtil.m; path = DBManager/ZooDBUtil.m; sourceTree = "<group>"; };
		EF3F0EF61BDA28F400AB0DC3 /* libsqlite3.tbd */ = {isa = PBXFileReference; lastKnownFileType = "sourcecode.text-based-dylib-definition"; name = libsqlite3.tbd; path = usr/lib/libsqlite3.tbd; sourceTree = SDKROOT; };
		EF3F0EFA1BDA3B3900AB0DC3 /* Pomodoro-Prefix.pch */ = {isa = PBXFileReference; fileEncoding = 4; lastKnownFileType = sourcecode.c.h; path = "Pomodoro-Prefix.pch"; sourceTree = "<group>"; };
		EF3F0EFB1BDA3FE400AB0DC3 /* DBUtil.h */ = {isa = PBXFileReference; fileEncoding = 4; lastKnownFileType = sourcecode.c.h; name = DBUtil.h; path = DBManager/DBUtil.h; sourceTree = "<group>"; };
		EF3F0EFC1BDA3FE400AB0DC3 /* DBUtil.m */ = {isa = PBXFileReference; fileEncoding = 4; lastKnownFileType = sourcecode.c.objc; name = DBUtil.m; path = DBManager/DBUtil.m; sourceTree = "<group>"; };
		EF3F0F001BDA416300AB0DC3 /* TodoItem.h */ = {isa = PBXFileReference; fileEncoding = 4; lastKnownFileType = sourcecode.c.h; name = TodoItem.h; path = Model/TodoItem.h; sourceTree = "<group>"; };
		EF3F0F011BDA416300AB0DC3 /* TodoItem.m */ = {isa = PBXFileReference; fileEncoding = 4; lastKnownFileType = sourcecode.c.objc; name = TodoItem.m; path = Model/TodoItem.m; sourceTree = "<group>"; };
		EF8440691BDF1DFB00A97CA0 /* CustomTableViewCell.h */ = {isa = PBXFileReference; fileEncoding = 4; lastKnownFileType = sourcecode.c.h; name = CustomTableViewCell.h; path = CustomTaableViewCell/CustomTableViewCell.h; sourceTree = "<group>"; };
		EF84406A1BDF1DFB00A97CA0 /* CustomTableViewCell.m */ = {isa = PBXFileReference; fileEncoding = 4; lastKnownFileType = sourcecode.c.objc; name = CustomTableViewCell.m; path = CustomTaableViewCell/CustomTableViewCell.m; sourceTree = "<group>"; };
		EF84406B1BDF1DFB00A97CA0 /* CustomTableViewCell.xib */ = {isa = PBXFileReference; fileEncoding = 4; lastKnownFileType = file.xib; name = CustomTableViewCell.xib; path = CustomTaableViewCell/CustomTableViewCell.xib; sourceTree = "<group>"; };
		EF9A2D5D1BDFB59F0046CC2B /* DeleteTodoItemToDatabaseTask.h */ = {isa = PBXFileReference; fileEncoding = 4; lastKnownFileType = sourcecode.c.h; name = DeleteTodoItemToDatabaseTask.h; path = Task/DeleteTodoItemToDatabaseTask.h; sourceTree = "<group>"; };
		EF9A2D5E1BDFB59F0046CC2B /* DeleteTodoItemToDatabaseTask.m */ = {isa = PBXFileReference; fileEncoding = 4; lastKnownFileType = sourcecode.c.objc; name = DeleteTodoItemToDatabaseTask.m; path = Task/DeleteTodoItemToDatabaseTask.m; sourceTree = "<group>"; };
/* End PBXFileReference section */

/* Begin PBXFrameworksBuildPhase section */
		EF3F0EB01BDA22C800AB0DC3 /* Frameworks */ = {
			isa = PBXFrameworksBuildPhase;
			buildActionMask = 2147483647;
			files = (
				EF3F0EF71BDA28F400AB0DC3 /* libsqlite3.tbd in Frameworks */,
			);
			runOnlyForDeploymentPostprocessing = 0;
		};
		EF3F0EC91BDA22C900AB0DC3 /* Frameworks */ = {
			isa = PBXFrameworksBuildPhase;
			buildActionMask = 2147483647;
			files = (
			);
			runOnlyForDeploymentPostprocessing = 0;
		};
		EF3F0ED41BDA22C900AB0DC3 /* Frameworks */ = {
			isa = PBXFrameworksBuildPhase;
			buildActionMask = 2147483647;
			files = (
			);
			runOnlyForDeploymentPostprocessing = 0;
		};
/* End PBXFrameworksBuildPhase section */

/* Begin PBXGroup section */
		EF0391E31BDE062500C4A622 /* Task */ = {
			isa = PBXGroup;
			children = (
				EF0391E41BDE066300C4A622 /* GetToDoItemToDatabase.h */,
				EF0391E51BDE066300C4A622 /* GetToDoItemToDatabase.m */,
				EF0391FC1BDE22BB00C4A622 /* UpdateToDoItemToDatabase.h */,
				EF0391FD1BDE22BB00C4A622 /* UpdateToDoItemToDatabase.m */,
				EF9A2D5D1BDFB59F0046CC2B /* DeleteTodoItemToDatabaseTask.h */,
				EF9A2D5E1BDFB59F0046CC2B /* DeleteTodoItemToDatabaseTask.m */,
			);
			name = Task;
			sourceTree = "<group>";
		};
		EF3F0EAA1BDA22C800AB0DC3 = {
			isa = PBXGroup;
			children = (
				EF3F0EB51BDA22C800AB0DC3 /* Pomodoro */,
				EF3F0ECF1BDA22C900AB0DC3 /* PomodoroTests */,
				EF3F0EDA1BDA22C900AB0DC3 /* PomodoroUITests */,
				EF3F0EB41BDA22C800AB0DC3 /* Products */,
			);
			sourceTree = "<group>";
		};
		EF3F0EB41BDA22C800AB0DC3 /* Products */ = {
			isa = PBXGroup;
			children = (
				EF3F0EB31BDA22C800AB0DC3 /* Pomodoro.app */,
				EF3F0ECC1BDA22C900AB0DC3 /* PomodoroTests.xctest */,
				EF3F0ED71BDA22C900AB0DC3 /* PomodoroUITests.xctest */,
			);
			name = Products;
			sourceTree = "<group>";
		};
		EF3F0EB51BDA22C800AB0DC3 /* Pomodoro */ = {
			isa = PBXGroup;
			children = (
				EF3F0EB91BDA22C800AB0DC3 /* AppDelegate.h */,
				EF3F0EBA1BDA22C800AB0DC3 /* AppDelegate.m */,
				EF3F0EBC1BDA22C800AB0DC3 /* ViewController.h */,
				EF3F0EBD1BDA22C800AB0DC3 /* ViewController.m */,
				EF3F0EBF1BDA22C800AB0DC3 /* Main.storyboard */,
				EF0391E31BDE062500C4A622 /* Task */,
				EF3F0EE91BDA24EE00AB0DC3 /* DBManager */,
				EF3F0EFE1BDA412A00AB0DC3 /* Model */,
				EF3F0EC21BDA22C800AB0DC3 /* Assets.xcassets */,
				EF3F0EC41BDA22C800AB0DC3 /* LaunchScreen.storyboard */,
				EF3F0EC71BDA22C800AB0DC3 /* Info.plist */,
				EF8440681BDF1D9000A97CA0 /* CustomTableViewCell */,
				EF3F0EF91BDA291F00AB0DC3 /* Library */,
				EF3F0EF81BDA290B00AB0DC3 /* Framework */,
				EF3F0EB61BDA22C800AB0DC3 /* Supporting Files */,
			);
			path = Pomodoro;
			sourceTree = "<group>";
		};
		EF3F0EB61BDA22C800AB0DC3 /* Supporting Files */ = {
			isa = PBXGroup;
			children = (
				EF3F0EB71BDA22C800AB0DC3 /* main.m */,
				EF3F0EFA1BDA3B3900AB0DC3 /* Pomodoro-Prefix.pch */,
			);
			name = "Supporting Files";
			sourceTree = "<group>";
		};
		EF3F0ECF1BDA22C900AB0DC3 /* PomodoroTests */ = {
			isa = PBXGroup;
			children = (
				EF3F0ED01BDA22C900AB0DC3 /* PomodoroTests.m */,
				EF3F0ED21BDA22C900AB0DC3 /* Info.plist */,
			);
			path = PomodoroTests;
			sourceTree = "<group>";
		};
		EF3F0EDA1BDA22C900AB0DC3 /* PomodoroUITests */ = {
			isa = PBXGroup;
			children = (
				EF3F0EDB1BDA22C900AB0DC3 /* PomodoroUITests.m */,
				EF3F0EDD1BDA22C900AB0DC3 /* Info.plist */,
			);
			path = PomodoroUITests;
			sourceTree = "<group>";
		};
		EF3F0EE91BDA24EE00AB0DC3 /* DBManager */ = {
			isa = PBXGroup;
			children = (
				EF3F0EF01BDA28B500AB0DC3 /* MoneyDBController.h */,
				EF3F0EF11BDA28B500AB0DC3 /* MoneyDBController.m */,
				EF3F0EF21BDA28B500AB0DC3 /* ZooDBUtil.h */,
				EF3F0EF31BDA28B500AB0DC3 /* ZooDBUtil.m */,
				EF3F0EFB1BDA3FE400AB0DC3 /* DBUtil.h */,
				EF3F0EFC1BDA3FE400AB0DC3 /* DBUtil.m */,
			);
			name = DBManager;
			sourceTree = "<group>";
		};
		EF3F0EF81BDA290B00AB0DC3 /* Framework */ = {
			isa = PBXGroup;
			children = (
				EF3F0EF61BDA28F400AB0DC3 /* libsqlite3.tbd */,
			);
			name = Framework;
			path = ..;
			sourceTree = "<group>";
		};
		EF3F0EF91BDA291F00AB0DC3 /* Library */ = {
			isa = PBXGroup;
			children = (
				EF0391FF1BDE235D00C4A622 /* NSMutableArray+SWUtilityButtons.h */,
				EF0392001BDE235D00C4A622 /* NSMutableArray+SWUtilityButtons.m */,
				EF0392011BDE235D00C4A622 /* SWCellScrollView.h */,
				EF0392021BDE235D00C4A622 /* SWCellScrollView.m */,
				EF0392031BDE235D00C4A622 /* SWLongPressGestureRecognizer.h */,
				EF0392041BDE235D00C4A622 /* SWLongPressGestureRecognizer.m */,
				EF0392051BDE235D00C4A622 /* SWTableViewCell.h */,
				EF0392061BDE235D00C4A622 /* SWTableViewCell.m */,
				EF0392071BDE235D00C4A622 /* SWUtilityButtonTapGestureRecognizer.h */,
				EF0392081BDE235D00C4A622 /* SWUtilityButtonTapGestureRecognizer.m */,
				EF0392091BDE235D00C4A622 /* SWUtilityButtonView.h */,
				EF03920A1BDE235D00C4A622 /* SWUtilityButtonView.m */,
				EF03920B1BDE235D00C4A622 /* UMTableViewCell.h */,
				EF03920C1BDE235D00C4A622 /* UMTableViewCell.m */,
			);
			name = Library;
			sourceTree = "<group>";
		};
		EF3F0EFE1BDA412A00AB0DC3 /* Model */ = {
			isa = PBXGroup;
			children = (
				EF3F0F001BDA416300AB0DC3 /* TodoItem.h */,
				EF3F0F011BDA416300AB0DC3 /* TodoItem.m */,
			);
			name = Model;
			sourceTree = "<group>";
		};
		EF8440681BDF1D9000A97CA0 /* CustomTableViewCell */ = {
			isa = PBXGroup;
			children = (
				EF8440691BDF1DFB00A97CA0 /* CustomTableViewCell.h */,
				EF84406A1BDF1DFB00A97CA0 /* CustomTableViewCell.m */,
				EF84406B1BDF1DFB00A97CA0 /* CustomTableViewCell.xib */,
			);
			name = CustomTableViewCell;
			sourceTree = "<group>";
		};
/* End PBXGroup section */

/* Begin PBXNativeTarget section */
		EF3F0EB21BDA22C800AB0DC3 /* Pomodoro */ = {
			isa = PBXNativeTarget;
			buildConfigurationList = EF3F0EE01BDA22C900AB0DC3 /* Build configuration list for PBXNativeTarget "Pomodoro" */;
			buildPhases = (
				EF3F0EAF1BDA22C800AB0DC3 /* Sources */,
				EF3F0EB01BDA22C800AB0DC3 /* Frameworks */,
				EF3F0EB11BDA22C800AB0DC3 /* Resources */,
			);
			buildRules = (
			);
			dependencies = (
			);
			name = Pomodoro;
			productName = Pomodoro;
			productReference = EF3F0EB31BDA22C800AB0DC3 /* Pomodoro.app */;
			productType = "com.apple.product-type.application";
		};
		EF3F0ECB1BDA22C900AB0DC3 /* PomodoroTests */ = {
			isa = PBXNativeTarget;
			buildConfigurationList = EF3F0EE31BDA22C900AB0DC3 /* Build configuration list for PBXNativeTarget "PomodoroTests" */;
			buildPhases = (
				EF3F0EC81BDA22C900AB0DC3 /* Sources */,
				EF3F0EC91BDA22C900AB0DC3 /* Frameworks */,
				EF3F0ECA1BDA22C900AB0DC3 /* Resources */,
			);
			buildRules = (
			);
			dependencies = (
				EF3F0ECE1BDA22C900AB0DC3 /* PBXTargetDependency */,
			);
			name = PomodoroTests;
			productName = PomodoroTests;
			productReference = EF3F0ECC1BDA22C900AB0DC3 /* PomodoroTests.xctest */;
			productType = "com.apple.product-type.bundle.unit-test";
		};
		EF3F0ED61BDA22C900AB0DC3 /* PomodoroUITests */ = {
			isa = PBXNativeTarget;
			buildConfigurationList = EF3F0EE61BDA22C900AB0DC3 /* Build configuration list for PBXNativeTarget "PomodoroUITests" */;
			buildPhases = (
				EF3F0ED31BDA22C900AB0DC3 /* Sources */,
				EF3F0ED41BDA22C900AB0DC3 /* Frameworks */,
				EF3F0ED51BDA22C900AB0DC3 /* Resources */,
			);
			buildRules = (
			);
			dependencies = (
				EF3F0ED91BDA22C900AB0DC3 /* PBXTargetDependency */,
			);
			name = PomodoroUITests;
			productName = PomodoroUITests;
			productReference = EF3F0ED71BDA22C900AB0DC3 /* PomodoroUITests.xctest */;
			productType = "com.apple.product-type.bundle.ui-testing";
		};
/* End PBXNativeTarget section */

/* Begin PBXProject section */
		EF3F0EAB1BDA22C800AB0DC3 /* Project object */ = {
			isa = PBXProject;
			attributes = {
				LastUpgradeCheck = 0700;
				ORGANIZATIONNAME = ZooStudio;
				TargetAttributes = {
					EF3F0EB21BDA22C800AB0DC3 = {
						CreatedOnToolsVersion = 7.0.1;
					};
					EF3F0ECB1BDA22C900AB0DC3 = {
						CreatedOnToolsVersion = 7.0.1;
						TestTargetID = EF3F0EB21BDA22C800AB0DC3;
					};
					EF3F0ED61BDA22C900AB0DC3 = {
						CreatedOnToolsVersion = 7.0.1;
						TestTargetID = EF3F0EB21BDA22C800AB0DC3;
					};
				};
			};
			buildConfigurationList = EF3F0EAE1BDA22C800AB0DC3 /* Build configuration list for PBXProject "Pomodoro" */;
			compatibilityVersion = "Xcode 3.2";
			developmentRegion = English;
			hasScannedForEncodings = 0;
			knownRegions = (
				en,
				Base,
			);
			mainGroup = EF3F0EAA1BDA22C800AB0DC3;
			productRefGroup = EF3F0EB41BDA22C800AB0DC3 /* Products */;
			projectDirPath = "";
			projectRoot = "";
			targets = (
				EF3F0EB21BDA22C800AB0DC3 /* Pomodoro */,
				EF3F0ECB1BDA22C900AB0DC3 /* PomodoroTests */,
				EF3F0ED61BDA22C900AB0DC3 /* PomodoroUITests */,
			);
		};
/* End PBXProject section */

/* Begin PBXResourcesBuildPhase section */
		EF3F0EB11BDA22C800AB0DC3 /* Resources */ = {
			isa = PBXResourcesBuildPhase;
			buildActionMask = 2147483647;
			files = (
				EF3F0EC61BDA22C800AB0DC3 /* LaunchScreen.storyboard in Resources */,
				EF3F0EC31BDA22C800AB0DC3 /* Assets.xcassets in Resources */,
				EF84406D1BDF1DFB00A97CA0 /* CustomTableViewCell.xib in Resources */,
				EF3F0EC11BDA22C800AB0DC3 /* Main.storyboard in Resources */,
			);
			runOnlyForDeploymentPostprocessing = 0;
		};
		EF3F0ECA1BDA22C900AB0DC3 /* Resources */ = {
			isa = PBXResourcesBuildPhase;
			buildActionMask = 2147483647;
			files = (
			);
			runOnlyForDeploymentPostprocessing = 0;
		};
		EF3F0ED51BDA22C900AB0DC3 /* Resources */ = {
			isa = PBXResourcesBuildPhase;
			buildActionMask = 2147483647;
			files = (
			);
			runOnlyForDeploymentPostprocessing = 0;
		};
/* End PBXResourcesBuildPhase section */

/* Begin PBXSourcesBuildPhase section */
		EF3F0EAF1BDA22C800AB0DC3 /* Sources */ = {
			isa = PBXSourcesBuildPhase;
			buildActionMask = 2147483647;
			files = (
				EF9A2D5F1BDFB59F0046CC2B /* DeleteTodoItemToDatabaseTask.m in Sources */,
				EF84406C1BDF1DFB00A97CA0 /* CustomTableViewCell.m in Sources */,
				EF03920E1BDE235D00C4A622 /* SWCellScrollView.m in Sources */,
				EF0392131BDE235D00C4A622 /* UMTableViewCell.m in Sources */,
				EF0392101BDE235D00C4A622 /* SWTableViewCell.m in Sources */,
				EF3F0EF41BDA28B500AB0DC3 /* MoneyDBController.m in Sources */,
				EF3F0F021BDA416300AB0DC3 /* TodoItem.m in Sources */,
				EF3F0EF51BDA28B500AB0DC3 /* ZooDBUtil.m in Sources */,
				EF3F0EBE1BDA22C800AB0DC3 /* ViewController.m in Sources */,
				EF0391FE1BDE22BB00C4A622 /* UpdateToDoItemToDatabase.m in Sources */,
				EF0392121BDE235D00C4A622 /* SWUtilityButtonView.m in Sources */,
				EF3F0EBB1BDA22C800AB0DC3 /* AppDelegate.m in Sources */,
				EF0392111BDE235D00C4A622 /* SWUtilityButtonTapGestureRecognizer.m in Sources */,
				EF03920D1BDE235D00C4A622 /* NSMutableArray+SWUtilityButtons.m in Sources */,
				EF3F0EB81BDA22C800AB0DC3 /* main.m in Sources */,
				EF3F0EFD1BDA3FE400AB0DC3 /* DBUtil.m in Sources */,
				EF0391E61BDE066300C4A622 /* GetToDoItemToDatabase.m in Sources */,
				EF03920F1BDE235D00C4A622 /* SWLongPressGestureRecognizer.m in Sources */,
			);
			runOnlyForDeploymentPostprocessing = 0;
		};
		EF3F0EC81BDA22C900AB0DC3 /* Sources */ = {
			isa = PBXSourcesBuildPhase;
			buildActionMask = 2147483647;
			files = (
				EF3F0ED11BDA22C900AB0DC3 /* PomodoroTests.m in Sources */,
			);
			runOnlyForDeploymentPostprocessing = 0;
		};
		EF3F0ED31BDA22C900AB0DC3 /* Sources */ = {
			isa = PBXSourcesBuildPhase;
			buildActionMask = 2147483647;
			files = (
				EF3F0EDC1BDA22C900AB0DC3 /* PomodoroUITests.m in Sources */,
			);
			runOnlyForDeploymentPostprocessing = 0;
		};
/* End PBXSourcesBuildPhase section */

/* Begin PBXTargetDependency section */
		EF3F0ECE1BDA22C900AB0DC3 /* PBXTargetDependency */ = {
			isa = PBXTargetDependency;
			target = EF3F0EB21BDA22C800AB0DC3 /* Pomodoro */;
			targetProxy = EF3F0ECD1BDA22C900AB0DC3 /* PBXContainerItemProxy */;
		};
		EF3F0ED91BDA22C900AB0DC3 /* PBXTargetDependency */ = {
			isa = PBXTargetDependency;
			target = EF3F0EB21BDA22C800AB0DC3 /* Pomodoro */;
			targetProxy = EF3F0ED81BDA22C900AB0DC3 /* PBXContainerItemProxy */;
		};
/* End PBXTargetDependency section */

/* Begin PBXVariantGroup section */
		EF3F0EBF1BDA22C800AB0DC3 /* Main.storyboard */ = {
			isa = PBXVariantGroup;
			children = (
				EF3F0EC01BDA22C800AB0DC3 /* Base */,
			);
			name = Main.storyboard;
			sourceTree = "<group>";
		};
		EF3F0EC41BDA22C800AB0DC3 /* LaunchScreen.storyboard */ = {
			isa = PBXVariantGroup;
			children = (
				EF3F0EC51BDA22C800AB0DC3 /* Base */,
			);
			name = LaunchScreen.storyboard;
			sourceTree = "<group>";
		};
/* End PBXVariantGroup section */

/* Begin XCBuildConfiguration section */
		EF3F0EDE1BDA22C900AB0DC3 /* Debug */ = {
			isa = XCBuildConfiguration;
			buildSettings = {
				ALWAYS_SEARCH_USER_PATHS = NO;
				CLANG_CXX_LANGUAGE_STANDARD = "gnu++0x";
				CLANG_CXX_LIBRARY = "libc++";
				CLANG_ENABLE_MODULES = YES;
				CLANG_ENABLE_OBJC_ARC = YES;
				CLANG_WARN_BOOL_CONVERSION = YES;
				CLANG_WARN_CONSTANT_CONVERSION = YES;
				CLANG_WARN_DIRECT_OBJC_ISA_USAGE = YES_ERROR;
				CLANG_WARN_EMPTY_BODY = YES;
				CLANG_WARN_ENUM_CONVERSION = YES;
				CLANG_WARN_INT_CONVERSION = YES;
				CLANG_WARN_OBJC_ROOT_CLASS = YES_ERROR;
				CLANG_WARN_UNREACHABLE_CODE = YES;
				CLANG_WARN__DUPLICATE_METHOD_MATCH = YES;
				"CODE_SIGN_IDENTITY[sdk=iphoneos*]" = "iPhone Developer";
				COPY_PHASE_STRIP = NO;
				DEBUG_INFORMATION_FORMAT = dwarf;
				ENABLE_STRICT_OBJC_MSGSEND = YES;
				ENABLE_TESTABILITY = YES;
				GCC_C_LANGUAGE_STANDARD = gnu99;
				GCC_DYNAMIC_NO_PIC = NO;
				GCC_NO_COMMON_BLOCKS = YES;
				GCC_OPTIMIZATION_LEVEL = 0;
				GCC_PREPROCESSOR_DEFINITIONS = (
					"DEBUG=1",
					"$(inherited)",
				);
				GCC_WARN_64_TO_32_BIT_CONVERSION = YES;
				GCC_WARN_ABOUT_RETURN_TYPE = YES_ERROR;
				GCC_WARN_UNDECLARED_SELECTOR = YES;
				GCC_WARN_UNINITIALIZED_AUTOS = YES_AGGRESSIVE;
				GCC_WARN_UNUSED_FUNCTION = YES;
				GCC_WARN_UNUSED_VARIABLE = YES;
				IPHONEOS_DEPLOYMENT_TARGET = 9.0;
				MTL_ENABLE_DEBUG_INFO = YES;
				ONLY_ACTIVE_ARCH = YES;
				SDKROOT = iphoneos;
			};
			name = Debug;
		};
		EF3F0EDF1BDA22C900AB0DC3 /* Release */ = {
			isa = XCBuildConfiguration;
			buildSettings = {
				ALWAYS_SEARCH_USER_PATHS = NO;
				CLANG_CXX_LANGUAGE_STANDARD = "gnu++0x";
				CLANG_CXX_LIBRARY = "libc++";
				CLANG_ENABLE_MODULES = YES;
				CLANG_ENABLE_OBJC_ARC = YES;
				CLANG_WARN_BOOL_CONVERSION = YES;
				CLANG_WARN_CONSTANT_CONVERSION = YES;
				CLANG_WARN_DIRECT_OBJC_ISA_USAGE = YES_ERROR;
				CLANG_WARN_EMPTY_BODY = YES;
				CLANG_WARN_ENUM_CONVERSION = YES;
				CLANG_WARN_INT_CONVERSION = YES;
				CLANG_WARN_OBJC_ROOT_CLASS = YES_ERROR;
				CLANG_WARN_UNREACHABLE_CODE = YES;
				CLANG_WARN__DUPLICATE_METHOD_MATCH = YES;
				"CODE_SIGN_IDENTITY[sdk=iphoneos*]" = "iPhone Developer";
				COPY_PHASE_STRIP = NO;
				DEBUG_INFORMATION_FORMAT = "dwarf-with-dsym";
				ENABLE_NS_ASSERTIONS = NO;
				ENABLE_STRICT_OBJC_MSGSEND = YES;
				GCC_C_LANGUAGE_STANDARD = gnu99;
				GCC_NO_COMMON_BLOCKS = YES;
				GCC_WARN_64_TO_32_BIT_CONVERSION = YES;
				GCC_WARN_ABOUT_RETURN_TYPE = YES_ERROR;
				GCC_WARN_UNDECLARED_SELECTOR = YES;
				GCC_WARN_UNINITIALIZED_AUTOS = YES_AGGRESSIVE;
				GCC_WARN_UNUSED_FUNCTION = YES;
				GCC_WARN_UNUSED_VARIABLE = YES;
				IPHONEOS_DEPLOYMENT_TARGET = 9.0;
				MTL_ENABLE_DEBUG_INFO = NO;
				SDKROOT = iphoneos;
				VALIDATE_PRODUCT = YES;
			};
			name = Release;
		};
		EF3F0EE11BDA22C900AB0DC3 /* Debug */ = {
			isa = XCBuildConfiguration;
			buildSettings = {
				ASSETCATALOG_COMPILER_APPICON_NAME = AppIcon;
				GCC_PRECOMPILE_PREFIX_HEADER = YES;
				GCC_PREFIX_HEADER = "Pomodoro/Pomodoro-Prefix.pch";
				INFOPLIST_FILE = Pomodoro/Info.plist;
				LD_RUNPATH_SEARCH_PATHS = "$(inherited) @executable_path/Frameworks";
				PRODUCT_BUNDLE_IDENTIFIER = com.zoostudio.Pomodoro;
				PRODUCT_NAME = "$(TARGET_NAME)";
			};
			name = Debug;
		};
		EF3F0EE21BDA22C900AB0DC3 /* Release */ = {
			isa = XCBuildConfiguration;
			buildSettings = {
				ASSETCATALOG_COMPILER_APPICON_NAME = AppIcon;
				GCC_PRECOMPILE_PREFIX_HEADER = YES;
				GCC_PREFIX_HEADER = "Pomodoro/Pomodoro-Prefix.pch";
				INFOPLIST_FILE = Pomodoro/Info.plist;
				LD_RUNPATH_SEARCH_PATHS = "$(inherited) @executable_path/Frameworks";
				PRODUCT_BUNDLE_IDENTIFIER = com.zoostudio.Pomodoro;
				PRODUCT_NAME = "$(TARGET_NAME)";
			};
			name = Release;
		};
		EF3F0EE41BDA22C900AB0DC3 /* Debug */ = {
			isa = XCBuildConfiguration;
			buildSettings = {
				BUNDLE_LOADER = "$(TEST_HOST)";
				INFOPLIST_FILE = PomodoroTests/Info.plist;
				LD_RUNPATH_SEARCH_PATHS = "$(inherited) @executable_path/Frameworks @loader_path/Frameworks";
				PRODUCT_BUNDLE_IDENTIFIER = com.zoostudio.PomodoroTests;
				PRODUCT_NAME = "$(TARGET_NAME)";
				TEST_HOST = "$(BUILT_PRODUCTS_DIR)/Pomodoro.app/Pomodoro";
			};
			name = Debug;
		};
		EF3F0EE51BDA22C900AB0DC3 /* Release */ = {
			isa = XCBuildConfiguration;
			buildSettings = {
				BUNDLE_LOADER = "$(TEST_HOST)";
				INFOPLIST_FILE = PomodoroTests/Info.plist;
				LD_RUNPATH_SEARCH_PATHS = "$(inherited) @executable_path/Frameworks @loader_path/Frameworks";
				PRODUCT_BUNDLE_IDENTIFIER = com.zoostudio.PomodoroTests;
				PRODUCT_NAME = "$(TARGET_NAME)";
				TEST_HOST = "$(BUILT_PRODUCTS_DIR)/Pomodoro.app/Pomodoro";
			};
			name = Release;
		};
		EF3F0EE71BDA22C900AB0DC3 /* Debug */ = {
			isa = XCBuildConfiguration;
			buildSettings = {
				INFOPLIST_FILE = PomodoroUITests/Info.plist;
				LD_RUNPATH_SEARCH_PATHS = "$(inherited) @executable_path/Frameworks @loader_path/Frameworks";
				PRODUCT_BUNDLE_IDENTIFIER = com.zoostudio.PomodoroUITests;
				PRODUCT_NAME = "$(TARGET_NAME)";
				TEST_TARGET_NAME = Pomodoro;
				USES_XCTRUNNER = YES;
			};
			name = Debug;
		};
		EF3F0EE81BDA22C900AB0DC3 /* Release */ = {
			isa = XCBuildConfiguration;
			buildSettings = {
				INFOPLIST_FILE = PomodoroUITests/Info.plist;
				LD_RUNPATH_SEARCH_PATHS = "$(inherited) @executable_path/Frameworks @loader_path/Frameworks";
				PRODUCT_BUNDLE_IDENTIFIER = com.zoostudio.PomodoroUITests;
				PRODUCT_NAME = "$(TARGET_NAME)";
				TEST_TARGET_NAME = Pomodoro;
				USES_XCTRUNNER = YES;
			};
			name = Release;
		};
/* End XCBuildConfiguration section */

/* Begin XCConfigurationList section */
		EF3F0EAE1BDA22C800AB0DC3 /* Build configuration list for PBXProject "Pomodoro" */ = {
			isa = XCConfigurationList;
			buildConfigurations = (
				EF3F0EDE1BDA22C900AB0DC3 /* Debug */,
				EF3F0EDF1BDA22C900AB0DC3 /* Release */,
			);
			defaultConfigurationIsVisible = 0;
			defaultConfigurationName = Release;
		};
		EF3F0EE01BDA22C900AB0DC3 /* Build configuration list for PBXNativeTarget "Pomodoro" */ = {
			isa = XCConfigurationList;
			buildConfigurations = (
				EF3F0EE11BDA22C900AB0DC3 /* Debug */,
				EF3F0EE21BDA22C900AB0DC3 /* Release */,
			);
			defaultConfigurationIsVisible = 0;
			defaultConfigurationName = Release;
		};
		EF3F0EE31BDA22C900AB0DC3 /* Build configuration list for PBXNativeTarget "PomodoroTests" */ = {
			isa = XCConfigurationList;
			buildConfigurations = (
				EF3F0EE41BDA22C900AB0DC3 /* Debug */,
				EF3F0EE51BDA22C900AB0DC3 /* Release */,
			);
			defaultConfigurationIsVisible = 0;
			defaultConfigurationName = Release;
		};
		EF3F0EE61BDA22C900AB0DC3 /* Build configuration list for PBXNativeTarget "PomodoroUITests" */ = {
			isa = XCConfigurationList;
			buildConfigurations = (
				EF3F0EE71BDA22C900AB0DC3 /* Debug */,
				EF3F0EE81BDA22C900AB0DC3 /* Release */,
			);
			defaultConfigurationIsVisible = 0;
			defaultConfigurationName = Release;
		};
/* End XCConfigurationList section */
	};
	rootObject = EF3F0EAB1BDA22C800AB0DC3 /* Project object */;
}
